
Microsoft Visual Studio Solution File, Format Version 12.00
# Visual Studio Version 17
VisualStudioVersion = 17.9.34714.143
MinimumVisualStudioVersion = 10.0.40219.1
Project("{FAE04EC0-301F-11D3-BF4B-00C04F79EFBC}") = "SpeedyAir", "SpeedyAir\SpeedyAir.csproj", "{D2EFC1D5-B287-40E4-990B-619F061BC05E}"
EndProject
Global
	GlobalSection(SolutionConfigurationPlatforms) = preSolution
		Debug|Any CPU = Debug|Any CPU
		Release|Any CPU = Release|Any CPU
	EndGlobalSection
	GlobalSection(ProjectConfigurationPlatforms) = postSolution
		{D2EFC1D5-B287-40E4-990B-619F061BC05E}.Debug|Any CPU.ActiveCfg = Debug|Any CPU
		{D2EFC1D5-B287-40E4-990B-619F061BC05E}.Debug|Any CPU.Build.0 = Debug|Any CPU
		{D2EFC1D5-B287-40E4-990B-619F061BC05E}.Release|Any CPU.ActiveCfg = Release|Any CPU
		{D2EFC1D5-B287-40E4-990B-619F061BC05E}.Release|Any CPU.Build.0 = Release|Any CPU
	EndGlobalSection
	GlobalSection(SolutionProperties) = preSolution
		HideSolutionNode = FALSE
	EndGlobalSection
	GlobalSection(ExtensibilityGlobals) = postSolution
		SolutionGuid = {C6D5C706-9A75-4559-90FE-96DE36B055B1}
	EndGlobalSection
EndGlobal
